<?xml version="1.0" encoding="utf-8"?>
<Project ToolsVersion="4.0" xmlns="http://schemas.microsoft.com/developer/msbuild/2003">
  <ItemGroup>
    <Filter Include="win32">
      <UniqueIdentifier>{84a8ebd7-7cf0-47f6-b75e-d441df67da40}</UniqueIdentifier>
    </Filter>
    <Filter Include="resource">
      <UniqueIdentifier>{715254bc-d70b-4ec5-bf29-467dd3ace079}</UniqueIdentifier>
    </Filter>
    <Filter Include="src">
      <UniqueIdentifier>{bb6c862e-70e9-49d9-81b7-3829a6f50471}</UniqueIdentifier>
    </Filter>
    <Filter Include="src\Model">
      <UniqueIdentifier>{0a86f38d-9206-4cc1-8e22-5b108e070b12}</UniqueIdentifier>
    </Filter>
    <Filter Include="src\Controller">
      <UniqueIdentifier>{1694613c-e60c-4d75-8e98-88a78843c30e}</UniqueIdentifier>
    </Filter>
    <Filter Include="src\Scene">
      <UniqueIdentifier>{8852f8c2-17d6-40b9-9732-d35944fb89cd}</UniqueIdentifier>
    </Filter>
    <Filter Include="src\Scene\UI">
      <UniqueIdentifier>{742279ca-e7db-4163-abcf-e6dc4ca658df}</UniqueIdentifier>
    </Filter>
    <Filter Include="src\Manager">
      <UniqueIdentifier>{dad2f70e-6d37-4e86-9229-1743c1486586}</UniqueIdentifier>
    </Filter>
    <Filter Include="src\Util">
      <UniqueIdentifier>{d0c443b6-768b-4b38-87b2-51f647ae641a}</UniqueIdentifier>
    </Filter>
  </ItemGroup>
  <ItemGroup>
    <ClCompile Include="main.cpp">
      <Filter>win32</Filter>
    </ClCompile>
    <ClCompile Include="..\Classes\AppDelegate.cpp">
      <Filter>src</Filter>
    </ClCompile>
    <ClCompile Include="..\Classes\Model\Bubble.cpp">
      <Filter>src\Model</Filter>
    </ClCompile>
    <ClCompile Include="..\Classes\Model\Entity.cpp">
      <Filter>src\Model</Filter>
    </ClCompile>
    <ClCompile Include="..\Classes\Model\Player.cpp">
      <Filter>src\Model</Filter>
    </ClCompile>
    <ClCompile Include="..\Classes\Model\Prop.cpp">
      <Filter>src\Model</Filter>
    </ClCompile>
    <ClCompile Include="..\Classes\Scene\GameScene.cpp">
      <Filter>src\Scene</Filter>
    </ClCompile>
    <ClCompile Include="..\Classes\Scene\HelloWorldScene.cpp">
      <Filter>src\Scene</Filter>
    </ClCompile>
    <ClCompile Include="..\Classes\Scene\HelpScene.cpp">
      <Filter>src\Scene</Filter>
    </ClCompile>
    <ClCompile Include="..\Classes\Scene\SettingsScene.cpp">
      <Filter>src\Scene</Filter>
    </ClCompile>
    <ClCompile Include="..\Classes\Scene\StartScene.cpp">
      <Filter>src\Scene</Filter>
    </ClCompile>
    <ClCompile Include="..\Classes\Scene\UI\GameMap.cpp">
      <Filter>src\Scene\UI</Filter>
    </ClCompile>
    <ClCompile Include="..\Classes\Client.cpp">
      <Filter>src</Filter>
    </ClCompile>
    <ClCompile Include="..\Classes\Scene\LoadingScene.cpp">
      <Filter>src\Scene</Filter>
    </ClCompile>
    <ClCompile Include="..\Classes\Manager\PlayerManager.cpp">
      <Filter>src\Manager</Filter>
    </ClCompile>
    <ClCompile Include="..\Classes\Manager\PropManager.cpp">
      <Filter>src\Manager</Filter>
    </ClCompile>
    <ClCompile Include="..\Classes\Manager\BubbleManager.cpp">
      <Filter>src\Manager</Filter>
    </ClCompile>
    <ClCompile Include="..\Classes\Controller\GameController.cpp">
      <Filter>src\Controller</Filter>
    </ClCompile>
    <ClCompile Include="..\Classes\Scene\UI\ChatBox.cpp">
      <Filter>src\Scene\UI</Filter>
    </ClCompile>
    <ClCompile Include="..\Classes\Util\AnimationLoader.cpp">
      <Filter>src\Util</Filter>
    </ClCompile>
    <ClCompile Include="..\Classes\Scene\RoomScene.cpp">
      <Filter>src\Scene</Filter>
    </ClCompile>
    <ClCompile Include="..\Classes\Scene\UI\ResultBox.cpp">
      <Filter>src\Scene\UI</Filter>
    </ClCompile>
  </ItemGroup>
  <ItemGroup>
    <ClInclude Include="main.h">
      <Filter>win32</Filter>
    </ClInclude>
    <ClInclude Include="..\Classes\AppDelegate.h">
      <Filter>src</Filter>
    </ClInclude>
    <ClInclude Include="..\Classes\Settings.h">
      <Filter>src</Filter>
    </ClInclude>
    <ClInclude Include="..\Classes\Model\Bubble.h">
      <Filter>src\Model</Filter>
    </ClInclude>
    <ClInclude Include="..\Classes\Model\Entity.h">
      <Filter>src\Model</Filter>
    </ClInclude>
    <ClInclude Include="..\Classes\Model\Player.h">
      <Filter>src\Model</Filter>
    </ClInclude>
    <ClInclude Include="..\Classes\Model\Prop.h">
      <Filter>src\Model</Filter>
    </ClInclude>
    <ClInclude Include="..\Classes\Scene\GameScene.h">
      <Filter>src\Scene</Filter>
    </ClInclude>
    <ClInclude Include="..\Classes\Scene\HelloWorldScene.h">
      <Filter>src\Scene</Filter>
    </ClInclude>
    <ClInclude Include="..\Classes\Scene\HelpScene.h">
      <Filter>src\Scene</Filter>
    </ClInclude>
    <ClInclude Include="..\Classes\Scene\SettingsScene.h">
      <Filter>src\Scene</Filter>
    </ClInclude>
    <ClInclude Include="..\Classes\Scene\StartScene.h">
      <Filter>src\Scene</Filter>
    </ClInclude>
    <ClInclude Include="..\Classes\Scene\UI\GameMap.h">
      <Filter>src\Scene\UI</Filter>
    </ClInclude>
    <ClInclude Include="..\Classes\Client.h">
      <Filter>src</Filter>
    </ClInclude>
    <ClInclude Include="..\Classes\Scene\LoadingScene.h">
      <Filter>src\Scene</Filter>
    </ClInclude>
    <ClInclude Include="..\Classes\api_generated.h">
      <Filter>src</Filter>
    </ClInclude>
    <ClInclude Include="..\Classes\Manager\BubbleManager.h">
      <Filter>src\Manager</Filter>
    </ClInclude>
    <ClInclude Include="..\Classes\Manager\PlayerManager.h">
      <Filter>src\Manager</Filter>
    </ClInclude>
    <ClInclude Include="..\Classes\Manager\PropManager.h">
      <Filter>src\Manager</Filter>
    </ClInclude>
    <ClInclude Include="..\Classes\Controller\GameController.h">
      <Filter>src\Controller</Filter>
    </ClInclude>
    <ClInclude Include="..\Classes\Scene\UI\ChatBox.h">
      <Filter>src\Scene\UI</Filter>
    </ClInclude>
    <ClInclude Include="..\Classes\Util\AnimationLoader.h">
      <Filter>src\Util</Filter>
    </ClInclude>
    <ClInclude Include="..\Classes\Scene\RoomScene.h">
      <Filter>src\Scene</Filter>
    </ClInclude>
    <ClInclude Include="..\Classes\Scene\UI\ResultBox.h">
      <Filter>src\Scene\UI</Filter>
    </ClInclude>
  </ItemGroup>
  <ItemGroup>
    <ResourceCompile Include="game.rc">
      <Filter>resource</Filter>
    </ResourceCompile>
  </ItemGroup>
  <ItemGroup>
    <Image Include="..\Resources\Scene\PlayingPad.png" />
    <Image Include="..\Resources\Scene\ResultPad.png" />
  </ItemGroup>
</Project>